
Microsoft Visual Studio Solution File, Format Version 12.00
# Visual Studio 15
VisualStudioVersion = 15.0.27703.2000
MinimumVisualStudioVersion = 10.0.40219.1
Project("{00D1A9C2-B5F0-4AF3-8072-F6C62B433612}") = "Semester2Challenge_Database", "Semester2Challenge_Database\Semester2Challenge_Database.sqlproj", "{1C364B1D-47E5-4FE4-B135-79A22EE8E11B}"
EndProject
Project("{FAE04EC0-301F-11D3-BF4B-00C04F79EFBC}") = "SemesterChallenge_API", "SemesterChallenge_API\SemesterChallenge_API.csproj", "{620008F6-3915-4C0C-9017-7273E4C63F4F}"
EndProject
Project("{FAE04EC0-301F-11D3-BF4B-00C04F79EFBC}") = "SemesterChallenge_ClassLibrary", "SemesterChallenge_ClassLibrary\SemesterChallenge_ClassLibrary.csproj", "{83E5EF5D-45A0-4089-B0EA-D4002B7B1EA5}"
EndProject
Project("{FAE04EC0-301F-11D3-BF4B-00C04F79EFBC}") = "SemesterChallenge_WPF", "SemesterChallenge_WPF\SemesterChallenge_WPF.csproj", "{534A16AB-4555-43AD-A362-2A679A83A4C2}"
EndProject
Global
	GlobalSection(SolutionConfigurationPlatforms) = preSolution
		Debug|Any CPU = Debug|Any CPU
		Release|Any CPU = Release|Any CPU
	EndGlobalSection
	GlobalSection(ProjectConfigurationPlatforms) = postSolution
		{1C364B1D-47E5-4FE4-B135-79A22EE8E11B}.Debug|Any CPU.ActiveCfg = Debug|Any CPU
		{1C364B1D-47E5-4FE4-B135-79A22EE8E11B}.Debug|Any CPU.Build.0 = Debug|Any CPU
		{1C364B1D-47E5-4FE4-B135-79A22EE8E11B}.Debug|Any CPU.Deploy.0 = Debug|Any CPU
		{1C364B1D-47E5-4FE4-B135-79A22EE8E11B}.Release|Any CPU.ActiveCfg = Release|Any CPU
		{1C364B1D-47E5-4FE4-B135-79A22EE8E11B}.Release|Any CPU.Build.0 = Release|Any CPU
		{1C364B1D-47E5-4FE4-B135-79A22EE8E11B}.Release|Any CPU.Deploy.0 = Release|Any CPU
		{620008F6-3915-4C0C-9017-7273E4C63F4F}.Debug|Any CPU.ActiveCfg = Debug|Any CPU
		{620008F6-3915-4C0C-9017-7273E4C63F4F}.Debug|Any CPU.Build.0 = Debug|Any CPU
		{620008F6-3915-4C0C-9017-7273E4C63F4F}.Release|Any CPU.ActiveCfg = Release|Any CPU
		{620008F6-3915-4C0C-9017-7273E4C63F4F}.Release|Any CPU.Build.0 = Release|Any CPU
		{83E5EF5D-45A0-4089-B0EA-D4002B7B1EA5}.Debug|Any CPU.ActiveCfg = Debug|Any CPU
		{83E5EF5D-45A0-4089-B0EA-D4002B7B1EA5}.Debug|Any CPU.Build.0 = Debug|Any CPU
		{83E5EF5D-45A0-4089-B0EA-D4002B7B1EA5}.Release|Any CPU.ActiveCfg = Release|Any CPU
		{83E5EF5D-45A0-4089-B0EA-D4002B7B1EA5}.Release|Any CPU.Build.0 = Release|Any CPU
		{534A16AB-4555-43AD-A362-2A679A83A4C2}.Debug|Any CPU.ActiveCfg = Debug|Any CPU
		{534A16AB-4555-43AD-A362-2A679A83A4C2}.Debug|Any CPU.Build.0 = Debug|Any CPU
		{534A16AB-4555-43AD-A362-2A679A83A4C2}.Release|Any CPU.ActiveCfg = Release|Any CPU
		{534A16AB-4555-43AD-A362-2A679A83A4C2}.Release|Any CPU.Build.0 = Release|Any CPU
	EndGlobalSection
	GlobalSection(SolutionProperties) = preSolution
		HideSolutionNode = FALSE
	EndGlobalSection
	GlobalSection(ExtensibilityGlobals) = postSolution
		SolutionGuid = {0E6DDAF7-9256-49A2-BAD3-AC3679842E05}
	EndGlobalSection
EndGlobal
